
Microsoft Visual Studio Solution File, Format Version 12.00
# Visual Studio Version 17
VisualStudioVersion = 17.3.32922.545
MinimumVisualStudioVersion = 10.0.40219.1
Project("{FAE04EC0-301F-11D3-BF4B-00C04F79EFBC}") = "WpfPhoneBook", "WpfPhoneBook.csproj", "{86DF6C22-740F-4A8B-A762-CB5B76436AB3}"
EndProject
Global
	GlobalSection(SolutionConfigurationPlatforms) = preSolution
		Debug|Any CPU = Debug|Any CPU
		Release|Any CPU = Release|Any CPU
	EndGlobalSection
	GlobalSection(ProjectConfigurationPlatforms) = postSolution
		{86DF6C22-740F-4A8B-A762-CB5B76436AB3}.Debug|Any CPU.ActiveCfg = Debug|Any CPU
		{86DF6C22-740F-4A8B-A762-CB5B76436AB3}.Debug|Any CPU.Build.0 = Debug|Any CPU
		{86DF6C22-740F-4A8B-A762-CB5B76436AB3}.Release|Any CPU.ActiveCfg = Release|Any CPU
		{86DF6C22-740F-4A8B-A762-CB5B76436AB3}.Release|Any CPU.Build.0 = Release|Any CPU
	EndGlobalSection
	GlobalSection(SolutionProperties) = preSolution
		HideSolutionNode = FALSE
	EndGlobalSection
	GlobalSection(ExtensibilityGlobals) = postSolution
		SolutionGuid = {8F1DEA11-CF35-4CE4-9DC4-5B4A8BEC3D94}
	EndGlobalSection
EndGlobal
